
Microsoft Visual Studio Solution File, Format Version 12.00
# Visual Studio Version 17
VisualStudioVersion = 17.6.33829.357
MinimumVisualStudioVersion = 10.0.40219.1
Project("{FAE04EC0-301F-11D3-BF4B-00C04F79EFBC}") = "EasySlot", "EasySlot\EasySlot.csproj", "{D488903A-CB07-4333-A79C-C0A721FA2255}"
EndProject
Global
	GlobalSection(SolutionConfigurationPlatforms) = preSolution
		Debug|Any CPU = Debug|Any CPU
		Release|Any CPU = Release|Any CPU
	EndGlobalSection
	GlobalSection(ProjectConfigurationPlatforms) = postSolution
		{D488903A-CB07-4333-A79C-C0A721FA2255}.Debug|Any CPU.ActiveCfg = Debug|Any CPU
		{D488903A-CB07-4333-A79C-C0A721FA2255}.Debug|Any CPU.Build.0 = Debug|Any CPU
		{D488903A-CB07-4333-A79C-C0A721FA2255}.Release|Any CPU.ActiveCfg = Release|Any CPU
		{D488903A-CB07-4333-A79C-C0A721FA2255}.Release|Any CPU.Build.0 = Release|Any CPU
	EndGlobalSection
	GlobalSection(SolutionProperties) = preSolution
		HideSolutionNode = FALSE
	EndGlobalSection
	GlobalSection(ExtensibilityGlobals) = postSolution
		SolutionGuid = {EC72DFBB-0F29-491B-B2FF-C0265AFC1979}
	EndGlobalSection
EndGlobal
